# This file is automatically @generated by Cargo.
# It is not intended for manual editing.
[[package]]
name = "druid-enum-helpers"
version = "0.1.0"
dependencies = [
 "match-derive",
 "match-macro",
]

[[package]]
name = "match-derive"
version = "0.1.0"

[[package]]
name = "match-macro"
version = "0.1.0"
